
Microsoft Visual Studio Solution File, Format Version 12.00
# Visual Studio Version 17
VisualStudioVersion = 17.6.33723.286
MinimumVisualStudioVersion = 10.0.40219.1
Project("{FAE04EC0-301F-11D3-BF4B-00C04F79EFBC}") = "GreetingApp", "GreetingApp\GreetingApp.csproj", "{9A63B30E-5A81-4A74-9E83-D3F955044FA6}"
EndProject
Project("{FAE04EC0-301F-11D3-BF4B-00C04F79EFBC}") = "GreetingAppFullName", "GreetingAppFullName\GreetingAppFullName.csproj", "{A924567D-D9E2-4275-856E-CF8E14471FBA}"
EndProject
Project("{FAE04EC0-301F-11D3-BF4B-00C04F79EFBC}") = "TestReadLineDoes", "TestReadLineDoes\TestReadLineDoes.csproj", "{C67CFF07-B90A-4544-810C-4DAEE2354281}"
EndProject
Global
	GlobalSection(SolutionConfigurationPlatforms) = preSolution
		Debug|Any CPU = Debug|Any CPU
		Release|Any CPU = Release|Any CPU
	EndGlobalSection
	GlobalSection(ProjectConfigurationPlatforms) = postSolution
		{9A63B30E-5A81-4A74-9E83-D3F955044FA6}.Debug|Any CPU.ActiveCfg = Debug|Any CPU
		{9A63B30E-5A81-4A74-9E83-D3F955044FA6}.Debug|Any CPU.Build.0 = Debug|Any CPU
		{9A63B30E-5A81-4A74-9E83-D3F955044FA6}.Release|Any CPU.ActiveCfg = Release|Any CPU
		{9A63B30E-5A81-4A74-9E83-D3F955044FA6}.Release|Any CPU.Build.0 = Release|Any CPU
		{A924567D-D9E2-4275-856E-CF8E14471FBA}.Debug|Any CPU.ActiveCfg = Debug|Any CPU
		{A924567D-D9E2-4275-856E-CF8E14471FBA}.Debug|Any CPU.Build.0 = Debug|Any CPU
		{A924567D-D9E2-4275-856E-CF8E14471FBA}.Release|Any CPU.ActiveCfg = Release|Any CPU
		{A924567D-D9E2-4275-856E-CF8E14471FBA}.Release|Any CPU.Build.0 = Release|Any CPU
		{C67CFF07-B90A-4544-810C-4DAEE2354281}.Debug|Any CPU.ActiveCfg = Debug|Any CPU
		{C67CFF07-B90A-4544-810C-4DAEE2354281}.Debug|Any CPU.Build.0 = Debug|Any CPU
		{C67CFF07-B90A-4544-810C-4DAEE2354281}.Release|Any CPU.ActiveCfg = Release|Any CPU
		{C67CFF07-B90A-4544-810C-4DAEE2354281}.Release|Any CPU.Build.0 = Release|Any CPU
	EndGlobalSection
	GlobalSection(SolutionProperties) = preSolution
		HideSolutionNode = FALSE
	EndGlobalSection
	GlobalSection(ExtensibilityGlobals) = postSolution
		SolutionGuid = {11FB80E6-34B4-41FC-B807-7B8F867D4CB2}
	EndGlobalSection
EndGlobal
