
Microsoft Visual Studio Solution File, Format Version 12.00
# Visual Studio Version 17
VisualStudioVersion = 17.7.34024.191
MinimumVisualStudioVersion = 10.0.40219.1
Project("{FAE04EC0-301F-11D3-BF4B-00C04F79EFBC}") = "PersonalInformationWPF", "PersonalInformationWPF\PersonalInformationWPF.csproj", "{5F1F4F7F-D588-4859-A8A1-B5D72BF3E9D9}"
EndProject
Global
	GlobalSection(SolutionConfigurationPlatforms) = preSolution
		Debug|Any CPU = Debug|Any CPU
		Release|Any CPU = Release|Any CPU
	EndGlobalSection
	GlobalSection(ProjectConfigurationPlatforms) = postSolution
		{5F1F4F7F-D588-4859-A8A1-B5D72BF3E9D9}.Debug|Any CPU.ActiveCfg = Debug|Any CPU
		{5F1F4F7F-D588-4859-A8A1-B5D72BF3E9D9}.Debug|Any CPU.Build.0 = Debug|Any CPU
		{5F1F4F7F-D588-4859-A8A1-B5D72BF3E9D9}.Release|Any CPU.ActiveCfg = Release|Any CPU
		{5F1F4F7F-D588-4859-A8A1-B5D72BF3E9D9}.Release|Any CPU.Build.0 = Release|Any CPU
	EndGlobalSection
	GlobalSection(SolutionProperties) = preSolution
		HideSolutionNode = FALSE
	EndGlobalSection
	GlobalSection(ExtensibilityGlobals) = postSolution
		SolutionGuid = {DE048722-CCD3-4CB9-8900-81D16B3BC234}
	EndGlobalSection
EndGlobal
