
Microsoft Visual Studio Solution File, Format Version 12.00
# Visual Studio Version 17
VisualStudioVersion = 17.6.33723.286
MinimumVisualStudioVersion = 10.0.40219.1
Project("{FAE04EC0-301F-11D3-BF4B-00C04F79EFBC}") = "ApiSecurity", "ApiSecurity\ApiSecurity.csproj", "{CC17950C-A99B-4221-805C-251E1D28630D}"
EndProject
Global
	GlobalSection(SolutionConfigurationPlatforms) = preSolution
		Debug|Any CPU = Debug|Any CPU
		Release|Any CPU = Release|Any CPU
	EndGlobalSection
	GlobalSection(ProjectConfigurationPlatforms) = postSolution
		{CC17950C-A99B-4221-805C-251E1D28630D}.Debug|Any CPU.ActiveCfg = Debug|Any CPU
		{CC17950C-A99B-4221-805C-251E1D28630D}.Debug|Any CPU.Build.0 = Debug|Any CPU
		{CC17950C-A99B-4221-805C-251E1D28630D}.Release|Any CPU.ActiveCfg = Release|Any CPU
		{CC17950C-A99B-4221-805C-251E1D28630D}.Release|Any CPU.Build.0 = Release|Any CPU
	EndGlobalSection
	GlobalSection(SolutionProperties) = preSolution
		HideSolutionNode = FALSE
	EndGlobalSection
	GlobalSection(ExtensibilityGlobals) = postSolution
		SolutionGuid = {1BE8EBC8-5B33-4DA9-B814-6A571BC7276A}
	EndGlobalSection
EndGlobal
