
Microsoft Visual Studio Solution File, Format Version 12.00
# Visual Studio Version 17
VisualStudioVersion = 17.6.33723.286
MinimumVisualStudioVersion = 10.0.40219.1
Project("{FAE04EC0-301F-11D3-BF4B-00C04F79EFBC}") = "GenericTypes", "GenericTypes\GenericTypes.csproj", "{B8E852C7-B9C0-447D-B647-83B3030210A3}"
EndProject
Project("{FAE04EC0-301F-11D3-BF4B-00C04F79EFBC}") = "TracksOnTracksOnTracks", "TracksOnTracksOnTracks\TracksOnTracksOnTracks.csproj", "{BC427F25-15BE-453C-854B-428D9C43CD02}"
EndProject
Global
	GlobalSection(SolutionConfigurationPlatforms) = preSolution
		Debug|Any CPU = Debug|Any CPU
		Release|Any CPU = Release|Any CPU
	EndGlobalSection
	GlobalSection(ProjectConfigurationPlatforms) = postSolution
		{B8E852C7-B9C0-447D-B647-83B3030210A3}.Debug|Any CPU.ActiveCfg = Debug|Any CPU
		{B8E852C7-B9C0-447D-B647-83B3030210A3}.Debug|Any CPU.Build.0 = Debug|Any CPU
		{B8E852C7-B9C0-447D-B647-83B3030210A3}.Release|Any CPU.ActiveCfg = Release|Any CPU
		{B8E852C7-B9C0-447D-B647-83B3030210A3}.Release|Any CPU.Build.0 = Release|Any CPU
		{BC427F25-15BE-453C-854B-428D9C43CD02}.Debug|Any CPU.ActiveCfg = Debug|Any CPU
		{BC427F25-15BE-453C-854B-428D9C43CD02}.Debug|Any CPU.Build.0 = Debug|Any CPU
		{BC427F25-15BE-453C-854B-428D9C43CD02}.Release|Any CPU.ActiveCfg = Release|Any CPU
		{BC427F25-15BE-453C-854B-428D9C43CD02}.Release|Any CPU.Build.0 = Release|Any CPU
	EndGlobalSection
	GlobalSection(SolutionProperties) = preSolution
		HideSolutionNode = FALSE
	EndGlobalSection
	GlobalSection(ExtensibilityGlobals) = postSolution
		SolutionGuid = {49791DB1-FDEA-4F95-9C82-04582F8AECAD}
	EndGlobalSection
EndGlobal
