
Microsoft Visual Studio Solution File, Format Version 12.00
# Visual Studio Version 17
VisualStudioVersion = 17.8.34330.188
MinimumVisualStudioVersion = 10.0.40219.1
Project("{FAE04EC0-301F-11D3-BF4B-00C04F79EFBC}") = "TopLevelOn", "TopLevelOn\TopLevelOn.csproj", "{5158BC6B-F4BC-462C-8E71-03B75AA79262}"
EndProject
Project("{FAE04EC0-301F-11D3-BF4B-00C04F79EFBC}") = "TopLevelOff", "TopLevelOff\TopLevelOff.csproj", "{BCD215A5-8E89-4DAA-AFCE-02BE877BE180}"
EndProject
Global
	GlobalSection(SolutionConfigurationPlatforms) = preSolution
		Debug|Any CPU = Debug|Any CPU
		Release|Any CPU = Release|Any CPU
	EndGlobalSection
	GlobalSection(ProjectConfigurationPlatforms) = postSolution
		{5158BC6B-F4BC-462C-8E71-03B75AA79262}.Debug|Any CPU.ActiveCfg = Debug|Any CPU
		{5158BC6B-F4BC-462C-8E71-03B75AA79262}.Debug|Any CPU.Build.0 = Debug|Any CPU
		{5158BC6B-F4BC-462C-8E71-03B75AA79262}.Release|Any CPU.ActiveCfg = Release|Any CPU
		{5158BC6B-F4BC-462C-8E71-03B75AA79262}.Release|Any CPU.Build.0 = Release|Any CPU
		{BCD215A5-8E89-4DAA-AFCE-02BE877BE180}.Debug|Any CPU.ActiveCfg = Debug|Any CPU
		{BCD215A5-8E89-4DAA-AFCE-02BE877BE180}.Debug|Any CPU.Build.0 = Debug|Any CPU
		{BCD215A5-8E89-4DAA-AFCE-02BE877BE180}.Release|Any CPU.ActiveCfg = Release|Any CPU
		{BCD215A5-8E89-4DAA-AFCE-02BE877BE180}.Release|Any CPU.Build.0 = Release|Any CPU
	EndGlobalSection
	GlobalSection(SolutionProperties) = preSolution
		HideSolutionNode = FALSE
	EndGlobalSection
	GlobalSection(ExtensibilityGlobals) = postSolution
		SolutionGuid = {57F39751-97F1-49B6-99A7-176FC5B4353B}
	EndGlobalSection
EndGlobal
