
Microsoft Visual Studio Solution File, Format Version 12.00
# Visual Studio Version 17
VisualStudioVersion = 17.6.33815.320
MinimumVisualStudioVersion = 10.0.40219.1
Project("{9A19103F-16F7-4668-BE54-9A1E7A4F7556}") = "DebugBasic", "DebugBasic\DebugBasic.csproj", "{C9409CB3-8ACC-4391-9971-697DE92C0CE1}"
EndProject
Project("{FAE04EC0-301F-11D3-BF4B-00C04F79EFBC}") = "MutipliesFive", "MutipliesFive\MutipliesFive.csproj", "{09789CF0-6BA7-4CEC-9091-D5E52D0564D4}"
EndProject
Global
	GlobalSection(SolutionConfigurationPlatforms) = preSolution
		Debug|Any CPU = Debug|Any CPU
		Release|Any CPU = Release|Any CPU
	EndGlobalSection
	GlobalSection(ProjectConfigurationPlatforms) = postSolution
		{C9409CB3-8ACC-4391-9971-697DE92C0CE1}.Debug|Any CPU.ActiveCfg = Debug|Any CPU
		{C9409CB3-8ACC-4391-9971-697DE92C0CE1}.Debug|Any CPU.Build.0 = Debug|Any CPU
		{C9409CB3-8ACC-4391-9971-697DE92C0CE1}.Release|Any CPU.ActiveCfg = Release|Any CPU
		{C9409CB3-8ACC-4391-9971-697DE92C0CE1}.Release|Any CPU.Build.0 = Release|Any CPU
		{09789CF0-6BA7-4CEC-9091-D5E52D0564D4}.Debug|Any CPU.ActiveCfg = Debug|Any CPU
		{09789CF0-6BA7-4CEC-9091-D5E52D0564D4}.Debug|Any CPU.Build.0 = Debug|Any CPU
		{09789CF0-6BA7-4CEC-9091-D5E52D0564D4}.Release|Any CPU.ActiveCfg = Release|Any CPU
		{09789CF0-6BA7-4CEC-9091-D5E52D0564D4}.Release|Any CPU.Build.0 = Release|Any CPU
	EndGlobalSection
	GlobalSection(SolutionProperties) = preSolution
		HideSolutionNode = FALSE
	EndGlobalSection
	GlobalSection(ExtensibilityGlobals) = postSolution
		SolutionGuid = {534419F1-1701-4309-A45A-799F2A4C08EE}
	EndGlobalSection
EndGlobal
