
Microsoft Visual Studio Solution File, Format Version 12.00
# Visual Studio Version 17
VisualStudioVersion = 17.6.33723.286
MinimumVisualStudioVersion = 10.0.40219.1
Project("{9A19103F-16F7-4668-BE54-9A1E7A4F7556}") = "AuthorizationFormDemo", "AuthorizationFormDemo\AuthorizationFormDemo.csproj", "{FF45F1FC-3E87-4D90-BF3A-0589FDB7DCA3}"
EndProject
Project("{9A19103F-16F7-4668-BE54-9A1E7A4F7556}") = "SendMensageApp", "SendMensageApp\SendMensageApp.csproj", "{F70DE8A8-C3D2-4F39-9462-3264C234C7B9}"
EndProject
Global
	GlobalSection(SolutionConfigurationPlatforms) = preSolution
		Debug|Any CPU = Debug|Any CPU
		Release|Any CPU = Release|Any CPU
	EndGlobalSection
	GlobalSection(ProjectConfigurationPlatforms) = postSolution
		{FF45F1FC-3E87-4D90-BF3A-0589FDB7DCA3}.Debug|Any CPU.ActiveCfg = Debug|Any CPU
		{FF45F1FC-3E87-4D90-BF3A-0589FDB7DCA3}.Debug|Any CPU.Build.0 = Debug|Any CPU
		{FF45F1FC-3E87-4D90-BF3A-0589FDB7DCA3}.Release|Any CPU.ActiveCfg = Release|Any CPU
		{FF45F1FC-3E87-4D90-BF3A-0589FDB7DCA3}.Release|Any CPU.Build.0 = Release|Any CPU
		{F70DE8A8-C3D2-4F39-9462-3264C234C7B9}.Debug|Any CPU.ActiveCfg = Debug|Any CPU
		{F70DE8A8-C3D2-4F39-9462-3264C234C7B9}.Debug|Any CPU.Build.0 = Debug|Any CPU
		{F70DE8A8-C3D2-4F39-9462-3264C234C7B9}.Release|Any CPU.ActiveCfg = Release|Any CPU
		{F70DE8A8-C3D2-4F39-9462-3264C234C7B9}.Release|Any CPU.Build.0 = Release|Any CPU
	EndGlobalSection
	GlobalSection(SolutionProperties) = preSolution
		HideSolutionNode = FALSE
	EndGlobalSection
	GlobalSection(ExtensibilityGlobals) = postSolution
		SolutionGuid = {1DA80147-4B31-4F10-9C72-5727BA260234}
	EndGlobalSection
EndGlobal
