
Microsoft Visual Studio Solution File, Format Version 12.00
# Visual Studio Version 17
VisualStudioVersion = 17.9.34622.214
MinimumVisualStudioVersion = 10.0.40219.1
Project("{00D1A9C2-B5F0-4AF3-8072-F6C62B433612}") = "PersonDb", "PersonDb\PersonDb.sqlproj", "{28FF6D35-3910-4A21-9CE5-A276184B022D}"
EndProject
Project("{00D1A9C2-B5F0-4AF3-8072-F6C62B433612}") = "ChristmasListDB", "ChristmasListDB\ChristmasListDB.sqlproj", "{38183FE3-C48F-44ED-A7F4-A5036DD1B08A}"
EndProject
Global
	GlobalSection(SolutionConfigurationPlatforms) = preSolution
		Debug|Any CPU = Debug|Any CPU
		Release|Any CPU = Release|Any CPU
	EndGlobalSection
	GlobalSection(ProjectConfigurationPlatforms) = postSolution
		{28FF6D35-3910-4A21-9CE5-A276184B022D}.Debug|Any CPU.ActiveCfg = Debug|Any CPU
		{28FF6D35-3910-4A21-9CE5-A276184B022D}.Debug|Any CPU.Build.0 = Debug|Any CPU
		{28FF6D35-3910-4A21-9CE5-A276184B022D}.Debug|Any CPU.Deploy.0 = Debug|Any CPU
		{28FF6D35-3910-4A21-9CE5-A276184B022D}.Release|Any CPU.ActiveCfg = Release|Any CPU
		{28FF6D35-3910-4A21-9CE5-A276184B022D}.Release|Any CPU.Build.0 = Release|Any CPU
		{28FF6D35-3910-4A21-9CE5-A276184B022D}.Release|Any CPU.Deploy.0 = Release|Any CPU
		{38183FE3-C48F-44ED-A7F4-A5036DD1B08A}.Debug|Any CPU.ActiveCfg = Debug|Any CPU
		{38183FE3-C48F-44ED-A7F4-A5036DD1B08A}.Debug|Any CPU.Build.0 = Debug|Any CPU
		{38183FE3-C48F-44ED-A7F4-A5036DD1B08A}.Debug|Any CPU.Deploy.0 = Debug|Any CPU
		{38183FE3-C48F-44ED-A7F4-A5036DD1B08A}.Release|Any CPU.ActiveCfg = Release|Any CPU
		{38183FE3-C48F-44ED-A7F4-A5036DD1B08A}.Release|Any CPU.Build.0 = Release|Any CPU
		{38183FE3-C48F-44ED-A7F4-A5036DD1B08A}.Release|Any CPU.Deploy.0 = Release|Any CPU
	EndGlobalSection
	GlobalSection(SolutionProperties) = preSolution
		HideSolutionNode = FALSE
	EndGlobalSection
	GlobalSection(ExtensibilityGlobals) = postSolution
		SolutionGuid = {4B98B453-0F94-49A6-8F13-FD606C52C078}
	EndGlobalSection
EndGlobal
