
Microsoft Visual Studio Solution File, Format Version 12.00
# Visual Studio Version 17
VisualStudioVersion = 17.6.33723.286
MinimumVisualStudioVersion = 10.0.40219.1
Project("{FAE04EC0-301F-11D3-BF4B-00C04F79EFBC}") = "ForEachApp", "ForEachApp\ForEachApp.csproj", "{55108397-07AA-48DA-9B82-9B802DF197DB}"
EndProject
Project("{FAE04EC0-301F-11D3-BF4B-00C04F79EFBC}") = "BirdWatcher", "BirdWatcher\BirdWatcher.csproj", "{04822114-BC58-4286-A6F2-1FD53BA3A2B8}"
EndProject
Project("{FAE04EC0-301F-11D3-BF4B-00C04F79EFBC}") = "SumOfMultiples", "SumOfMultiples\SumOfMultiples.csproj", "{EBE857CA-6B9B-4B7E-8744-EBE69BBDF2A0}"
EndProject
Global
	GlobalSection(SolutionConfigurationPlatforms) = preSolution
		Debug|Any CPU = Debug|Any CPU
		Release|Any CPU = Release|Any CPU
	EndGlobalSection
	GlobalSection(ProjectConfigurationPlatforms) = postSolution
		{55108397-07AA-48DA-9B82-9B802DF197DB}.Debug|Any CPU.ActiveCfg = Debug|Any CPU
		{55108397-07AA-48DA-9B82-9B802DF197DB}.Debug|Any CPU.Build.0 = Debug|Any CPU
		{55108397-07AA-48DA-9B82-9B802DF197DB}.Release|Any CPU.ActiveCfg = Release|Any CPU
		{55108397-07AA-48DA-9B82-9B802DF197DB}.Release|Any CPU.Build.0 = Release|Any CPU
		{04822114-BC58-4286-A6F2-1FD53BA3A2B8}.Debug|Any CPU.ActiveCfg = Debug|Any CPU
		{04822114-BC58-4286-A6F2-1FD53BA3A2B8}.Debug|Any CPU.Build.0 = Debug|Any CPU
		{04822114-BC58-4286-A6F2-1FD53BA3A2B8}.Release|Any CPU.ActiveCfg = Release|Any CPU
		{04822114-BC58-4286-A6F2-1FD53BA3A2B8}.Release|Any CPU.Build.0 = Release|Any CPU
		{EBE857CA-6B9B-4B7E-8744-EBE69BBDF2A0}.Debug|Any CPU.ActiveCfg = Debug|Any CPU
		{EBE857CA-6B9B-4B7E-8744-EBE69BBDF2A0}.Debug|Any CPU.Build.0 = Debug|Any CPU
		{EBE857CA-6B9B-4B7E-8744-EBE69BBDF2A0}.Release|Any CPU.ActiveCfg = Release|Any CPU
		{EBE857CA-6B9B-4B7E-8744-EBE69BBDF2A0}.Release|Any CPU.Build.0 = Release|Any CPU
	EndGlobalSection
	GlobalSection(SolutionProperties) = preSolution
		HideSolutionNode = FALSE
	EndGlobalSection
	GlobalSection(ExtensibilityGlobals) = postSolution
		SolutionGuid = {D07F1C49-7121-4ED8-85F1-CAC4C1BD7683}
	EndGlobalSection
EndGlobal
