
Microsoft Visual Studio Solution File, Format Version 12.00
# Visual Studio Version 17
VisualStudioVersion = 17.6.33723.286
MinimumVisualStudioVersion = 10.0.40219.1
Project("{FAE04EC0-301F-11D3-BF4B-00C04F79EFBC}") = "BankAccountApp", "BankAccountApp\BankAccountApp.csproj", "{9216D101-0011-490A-8562-3438A8EA985D}"
EndProject
Global
	GlobalSection(SolutionConfigurationPlatforms) = preSolution
		Debug|Any CPU = Debug|Any CPU
		Release|Any CPU = Release|Any CPU
	EndGlobalSection
	GlobalSection(ProjectConfigurationPlatforms) = postSolution
		{9216D101-0011-490A-8562-3438A8EA985D}.Debug|Any CPU.ActiveCfg = Debug|Any CPU
		{9216D101-0011-490A-8562-3438A8EA985D}.Debug|Any CPU.Build.0 = Debug|Any CPU
		{9216D101-0011-490A-8562-3438A8EA985D}.Release|Any CPU.ActiveCfg = Release|Any CPU
		{9216D101-0011-490A-8562-3438A8EA985D}.Release|Any CPU.Build.0 = Release|Any CPU
	EndGlobalSection
	GlobalSection(SolutionProperties) = preSolution
		HideSolutionNode = FALSE
	EndGlobalSection
	GlobalSection(ExtensibilityGlobals) = postSolution
		SolutionGuid = {53819D73-1687-441F-B70D-46924B29D6DD}
	EndGlobalSection
EndGlobal
