
Microsoft Visual Studio Solution File, Format Version 12.00
# Visual Studio Version 17
VisualStudioVersion = 17.6.33723.286
MinimumVisualStudioVersion = 10.0.40219.1
Project("{FAE04EC0-301F-11D3-BF4B-00C04F79EFBC}") = "EmployeeIdApp", "EmployeeIdApp\EmployeeIdApp.csproj", "{DD140C1C-C9DB-47D0-95CA-B19C17F62C9B}"
EndProject
Global
	GlobalSection(SolutionConfigurationPlatforms) = preSolution
		Debug|Any CPU = Debug|Any CPU
		Release|Any CPU = Release|Any CPU
	EndGlobalSection
	GlobalSection(ProjectConfigurationPlatforms) = postSolution
		{DD140C1C-C9DB-47D0-95CA-B19C17F62C9B}.Debug|Any CPU.ActiveCfg = Debug|Any CPU
		{DD140C1C-C9DB-47D0-95CA-B19C17F62C9B}.Debug|Any CPU.Build.0 = Debug|Any CPU
		{DD140C1C-C9DB-47D0-95CA-B19C17F62C9B}.Release|Any CPU.ActiveCfg = Release|Any CPU
		{DD140C1C-C9DB-47D0-95CA-B19C17F62C9B}.Release|Any CPU.Build.0 = Release|Any CPU
	EndGlobalSection
	GlobalSection(SolutionProperties) = preSolution
		HideSolutionNode = FALSE
	EndGlobalSection
	GlobalSection(ExtensibilityGlobals) = postSolution
		SolutionGuid = {664854AF-8457-45EE-ADA5-DF2754F12799}
	EndGlobalSection
EndGlobal
