
Microsoft Visual Studio Solution File, Format Version 12.00
# Visual Studio Version 16
VisualStudioVersion = 16.0.29905.134
MinimumVisualStudioVersion = 10.0.40219.1
Project("{FAE04EC0-301F-11D3-BF4B-00C04F79EFBC}") = "BlazorApp", "BlazorApp\BlazorApp.csproj", "{A3E41E95-86A8-47EA-AE89-42B368EDB5BB}"
EndProject
Project("{FAE04EC0-301F-11D3-BF4B-00C04F79EFBC}") = "SupportLibrary", "SupportLibrary\SupportLibrary.csproj", "{89F3185D-24BE-45C9-BCA9-D646DFDD698F}"
EndProject
Project("{00D1A9C2-B5F0-4AF3-8072-F6C62B433612}") = "SampleDB", "SampleDB\SampleDB.sqlproj", "{DA586D91-8304-48E9-8F8F-6EE065B58485}"
EndProject
Global
	GlobalSection(SolutionConfigurationPlatforms) = preSolution
		Debug|Any CPU = Debug|Any CPU
		Release|Any CPU = Release|Any CPU
	EndGlobalSection
	GlobalSection(ProjectConfigurationPlatforms) = postSolution
		{A3E41E95-86A8-47EA-AE89-42B368EDB5BB}.Debug|Any CPU.ActiveCfg = Debug|Any CPU
		{A3E41E95-86A8-47EA-AE89-42B368EDB5BB}.Debug|Any CPU.Build.0 = Debug|Any CPU
		{A3E41E95-86A8-47EA-AE89-42B368EDB5BB}.Release|Any CPU.ActiveCfg = Release|Any CPU
		{A3E41E95-86A8-47EA-AE89-42B368EDB5BB}.Release|Any CPU.Build.0 = Release|Any CPU
		{89F3185D-24BE-45C9-BCA9-D646DFDD698F}.Debug|Any CPU.ActiveCfg = Debug|Any CPU
		{89F3185D-24BE-45C9-BCA9-D646DFDD698F}.Debug|Any CPU.Build.0 = Debug|Any CPU
		{89F3185D-24BE-45C9-BCA9-D646DFDD698F}.Release|Any CPU.ActiveCfg = Release|Any CPU
		{89F3185D-24BE-45C9-BCA9-D646DFDD698F}.Release|Any CPU.Build.0 = Release|Any CPU
		{DA586D91-8304-48E9-8F8F-6EE065B58485}.Debug|Any CPU.ActiveCfg = Debug|Any CPU
		{DA586D91-8304-48E9-8F8F-6EE065B58485}.Debug|Any CPU.Build.0 = Debug|Any CPU
		{DA586D91-8304-48E9-8F8F-6EE065B58485}.Debug|Any CPU.Deploy.0 = Debug|Any CPU
		{DA586D91-8304-48E9-8F8F-6EE065B58485}.Release|Any CPU.ActiveCfg = Release|Any CPU
		{DA586D91-8304-48E9-8F8F-6EE065B58485}.Release|Any CPU.Build.0 = Release|Any CPU
		{DA586D91-8304-48E9-8F8F-6EE065B58485}.Release|Any CPU.Deploy.0 = Release|Any CPU
	EndGlobalSection
	GlobalSection(SolutionProperties) = preSolution
		HideSolutionNode = FALSE
	EndGlobalSection
	GlobalSection(ExtensibilityGlobals) = postSolution
		SolutionGuid = {AB5C6BBB-8AF0-4B67-9260-B036AB871974}
	EndGlobalSection
EndGlobal
