
Microsoft Visual Studio Solution File, Format Version 12.00
# Visual Studio Version 17
VisualStudioVersion = 17.7.34024.191
MinimumVisualStudioVersion = 10.0.40219.1
Project("{9A19103F-16F7-4668-BE54-9A1E7A4F7556}") = "MongoDBUI", "MongoDBUI\MongoDBUI.csproj", "{4B484175-9303-4721-ACB8-6270EAC9BDE1}"
EndProject
Project("{9A19103F-16F7-4668-BE54-9A1E7A4F7556}") = "DataAccessLibrary", "DataAccessLibrary\DataAccessLibrary.csproj", "{B1CED219-ABBB-4585-A8E4-E11BE9434734}"
EndProject
Project("{9A19103F-16F7-4668-BE54-9A1E7A4F7556}") = "MongoDBPeople", "MongoDBPeople\MongoDBPeople.csproj", "{B91452ED-2A06-4B7A-839C-EACB8DDE5E4C}"
EndProject
Project("{9A19103F-16F7-4668-BE54-9A1E7A4F7556}") = "DataAccessPeopleLibrary", "DataAccessPeopleLibrary\DataAccessPeopleLibrary.csproj", "{3E0F7374-0CF0-4730-AFD7-CA31252547EE}"
EndProject
Project("{FAE04EC0-301F-11D3-BF4B-00C04F79EFBC}") = "CosmosDBUI", "CosmosDBUI\CosmosDBUI.csproj", "{84644DCF-A94B-4D53-A5F7-5156F4300234}"
EndProject
Global
	GlobalSection(SolutionConfigurationPlatforms) = preSolution
		Debug|Any CPU = Debug|Any CPU
		Release|Any CPU = Release|Any CPU
	EndGlobalSection
	GlobalSection(ProjectConfigurationPlatforms) = postSolution
		{4B484175-9303-4721-ACB8-6270EAC9BDE1}.Debug|Any CPU.ActiveCfg = Debug|Any CPU
		{4B484175-9303-4721-ACB8-6270EAC9BDE1}.Debug|Any CPU.Build.0 = Debug|Any CPU
		{4B484175-9303-4721-ACB8-6270EAC9BDE1}.Release|Any CPU.ActiveCfg = Release|Any CPU
		{4B484175-9303-4721-ACB8-6270EAC9BDE1}.Release|Any CPU.Build.0 = Release|Any CPU
		{B1CED219-ABBB-4585-A8E4-E11BE9434734}.Debug|Any CPU.ActiveCfg = Debug|Any CPU
		{B1CED219-ABBB-4585-A8E4-E11BE9434734}.Debug|Any CPU.Build.0 = Debug|Any CPU
		{B1CED219-ABBB-4585-A8E4-E11BE9434734}.Release|Any CPU.ActiveCfg = Release|Any CPU
		{B1CED219-ABBB-4585-A8E4-E11BE9434734}.Release|Any CPU.Build.0 = Release|Any CPU
		{B91452ED-2A06-4B7A-839C-EACB8DDE5E4C}.Debug|Any CPU.ActiveCfg = Debug|Any CPU
		{B91452ED-2A06-4B7A-839C-EACB8DDE5E4C}.Debug|Any CPU.Build.0 = Debug|Any CPU
		{B91452ED-2A06-4B7A-839C-EACB8DDE5E4C}.Release|Any CPU.ActiveCfg = Release|Any CPU
		{B91452ED-2A06-4B7A-839C-EACB8DDE5E4C}.Release|Any CPU.Build.0 = Release|Any CPU
		{3E0F7374-0CF0-4730-AFD7-CA31252547EE}.Debug|Any CPU.ActiveCfg = Debug|Any CPU
		{3E0F7374-0CF0-4730-AFD7-CA31252547EE}.Debug|Any CPU.Build.0 = Debug|Any CPU
		{3E0F7374-0CF0-4730-AFD7-CA31252547EE}.Release|Any CPU.ActiveCfg = Release|Any CPU
		{3E0F7374-0CF0-4730-AFD7-CA31252547EE}.Release|Any CPU.Build.0 = Release|Any CPU
		{84644DCF-A94B-4D53-A5F7-5156F4300234}.Debug|Any CPU.ActiveCfg = Debug|Any CPU
		{84644DCF-A94B-4D53-A5F7-5156F4300234}.Debug|Any CPU.Build.0 = Debug|Any CPU
		{84644DCF-A94B-4D53-A5F7-5156F4300234}.Release|Any CPU.ActiveCfg = Release|Any CPU
		{84644DCF-A94B-4D53-A5F7-5156F4300234}.Release|Any CPU.Build.0 = Release|Any CPU
	EndGlobalSection
	GlobalSection(SolutionProperties) = preSolution
		HideSolutionNode = FALSE
	EndGlobalSection
	GlobalSection(ExtensibilityGlobals) = postSolution
		SolutionGuid = {0976CEB9-BBA6-4EAD-B0BB-CAD96329220C}
	EndGlobalSection
EndGlobal
