
Microsoft Visual Studio Solution File, Format Version 12.00
# Visual Studio Version 17
VisualStudioVersion = 17.9.34607.119
MinimumVisualStudioVersion = 10.0.40219.1
Project("{FAE04EC0-301F-11D3-BF4B-00C04F79EFBC}") = "BlazorServerFull", "BlazorServerFull\BlazorServerFull.csproj", "{BD45D570-0956-440D-9CFB-9FA399D49673}"
EndProject
Project("{FAE04EC0-301F-11D3-BF4B-00C04F79EFBC}") = "BlazorServerEmpty", "BlazorServerEmpty\BlazorServerEmpty.csproj", "{B02102E2-6363-41E0-8A64-571094565F35}"
EndProject
Global
	GlobalSection(SolutionConfigurationPlatforms) = preSolution
		Debug|Any CPU = Debug|Any CPU
		Release|Any CPU = Release|Any CPU
	EndGlobalSection
	GlobalSection(ProjectConfigurationPlatforms) = postSolution
		{BD45D570-0956-440D-9CFB-9FA399D49673}.Debug|Any CPU.ActiveCfg = Debug|Any CPU
		{BD45D570-0956-440D-9CFB-9FA399D49673}.Debug|Any CPU.Build.0 = Debug|Any CPU
		{BD45D570-0956-440D-9CFB-9FA399D49673}.Release|Any CPU.ActiveCfg = Release|Any CPU
		{BD45D570-0956-440D-9CFB-9FA399D49673}.Release|Any CPU.Build.0 = Release|Any CPU
		{B02102E2-6363-41E0-8A64-571094565F35}.Debug|Any CPU.ActiveCfg = Debug|Any CPU
		{B02102E2-6363-41E0-8A64-571094565F35}.Debug|Any CPU.Build.0 = Debug|Any CPU
		{B02102E2-6363-41E0-8A64-571094565F35}.Release|Any CPU.ActiveCfg = Release|Any CPU
		{B02102E2-6363-41E0-8A64-571094565F35}.Release|Any CPU.Build.0 = Release|Any CPU
	EndGlobalSection
	GlobalSection(SolutionProperties) = preSolution
		HideSolutionNode = FALSE
	EndGlobalSection
	GlobalSection(ExtensibilityGlobals) = postSolution
		SolutionGuid = {92F7D34C-67BF-45C4-BEA3-898E7EF102B5}
	EndGlobalSection
EndGlobal
