
Microsoft Visual Studio Solution File, Format Version 12.00
# Visual Studio Version 17
VisualStudioVersion = 17.6.33815.320
MinimumVisualStudioVersion = 10.0.40219.1
Project("{9A19103F-16F7-4668-BE54-9A1E7A4F7556}") = "AccessModifieres", "AccessModifieres\AccessModifieres.csproj", "{F5685BCB-E247-4FD9-AD47-C2A6E170E876}"
EndProject
Project("{FAE04EC0-301F-11D3-BF4B-00C04F79EFBC}") = "PrivateAccess", "PrivateAccess\PrivateAccess.csproj", "{C5CDCF99-EA72-4A81-BBC1-C787D90829CC}"
EndProject
Global
	GlobalSection(SolutionConfigurationPlatforms) = preSolution
		Debug|Any CPU = Debug|Any CPU
		Release|Any CPU = Release|Any CPU
	EndGlobalSection
	GlobalSection(ProjectConfigurationPlatforms) = postSolution
		{F5685BCB-E247-4FD9-AD47-C2A6E170E876}.Debug|Any CPU.ActiveCfg = Debug|Any CPU
		{F5685BCB-E247-4FD9-AD47-C2A6E170E876}.Debug|Any CPU.Build.0 = Debug|Any CPU
		{F5685BCB-E247-4FD9-AD47-C2A6E170E876}.Release|Any CPU.ActiveCfg = Release|Any CPU
		{F5685BCB-E247-4FD9-AD47-C2A6E170E876}.Release|Any CPU.Build.0 = Release|Any CPU
		{C5CDCF99-EA72-4A81-BBC1-C787D90829CC}.Debug|Any CPU.ActiveCfg = Debug|Any CPU
		{C5CDCF99-EA72-4A81-BBC1-C787D90829CC}.Debug|Any CPU.Build.0 = Debug|Any CPU
		{C5CDCF99-EA72-4A81-BBC1-C787D90829CC}.Release|Any CPU.ActiveCfg = Release|Any CPU
		{C5CDCF99-EA72-4A81-BBC1-C787D90829CC}.Release|Any CPU.Build.0 = Release|Any CPU
	EndGlobalSection
	GlobalSection(SolutionProperties) = preSolution
		HideSolutionNode = FALSE
	EndGlobalSection
	GlobalSection(ExtensibilityGlobals) = postSolution
		SolutionGuid = {95346CBD-BB5C-4533-B901-58815BF6DF61}
	EndGlobalSection
EndGlobal
