
Microsoft Visual Studio Solution File, Format Version 12.00
# Visual Studio Version 17
VisualStudioVersion = 17.6.33723.286
MinimumVisualStudioVersion = 10.0.40219.1
Project("{9A19103F-16F7-4668-BE54-9A1E7A4F7556}") = "ExploreDataTime", "ExploreDataTime\ExploreDataTime.csproj", "{8E18E776-8ADD-4AF7-AF22-A420D1B335EC}"
EndProject
Project("{9A19103F-16F7-4668-BE54-9A1E7A4F7556}") = "UsingDatimeConstructor", "UsingDatimeConstructor\UsingDatimeConstructor.csproj", "{9BE317C6-72D5-4286-A139-C5D1390D8BF6}"
EndProject
Project("{FAE04EC0-301F-11D3-BF4B-00C04F79EFBC}") = "DayPropertiesApp", "DayPropertiesApp\DayPropertiesApp.csproj", "{572F7380-ED63-4884-8706-18B1AFEFB782}"
EndProject
Project("{FAE04EC0-301F-11D3-BF4B-00C04F79EFBC}") = "DayOfWeekApp", "DayOfWeekApp\DayOfWeekApp.csproj", "{F776D72E-249D-40C6-95D2-B2CE8232E3C0}"
EndProject
Project("{FAE04EC0-301F-11D3-BF4B-00C04F79EFBC}") = "LeapYearApp", "LeapYearApp\LeapYearApp.csproj", "{5655DE25-DBF4-44C3-85C5-8162428C351D}"
EndProject
Project("{FAE04EC0-301F-11D3-BF4B-00C04F79EFBC}") = "LocalTime_CultureNames", "LocalTime_CultureNames\LocalTime_CultureNames.csproj", "{72222333-A1CA-4225-8C78-264C0C28C3E1}"
EndProject
Project("{FAE04EC0-301F-11D3-BF4B-00C04F79EFBC}") = "AddDaysApp", "AddDaysApp\AddDaysApp.csproj", "{2DFE7F88-6DD1-41FA-AAA5-46ACC448A6E6}"
EndProject
Global
	GlobalSection(SolutionConfigurationPlatforms) = preSolution
		Debug|Any CPU = Debug|Any CPU
		Release|Any CPU = Release|Any CPU
	EndGlobalSection
	GlobalSection(ProjectConfigurationPlatforms) = postSolution
		{8E18E776-8ADD-4AF7-AF22-A420D1B335EC}.Debug|Any CPU.ActiveCfg = Debug|Any CPU
		{8E18E776-8ADD-4AF7-AF22-A420D1B335EC}.Debug|Any CPU.Build.0 = Debug|Any CPU
		{8E18E776-8ADD-4AF7-AF22-A420D1B335EC}.Release|Any CPU.ActiveCfg = Release|Any CPU
		{8E18E776-8ADD-4AF7-AF22-A420D1B335EC}.Release|Any CPU.Build.0 = Release|Any CPU
		{9BE317C6-72D5-4286-A139-C5D1390D8BF6}.Debug|Any CPU.ActiveCfg = Debug|Any CPU
		{9BE317C6-72D5-4286-A139-C5D1390D8BF6}.Debug|Any CPU.Build.0 = Debug|Any CPU
		{9BE317C6-72D5-4286-A139-C5D1390D8BF6}.Release|Any CPU.ActiveCfg = Release|Any CPU
		{9BE317C6-72D5-4286-A139-C5D1390D8BF6}.Release|Any CPU.Build.0 = Release|Any CPU
		{572F7380-ED63-4884-8706-18B1AFEFB782}.Debug|Any CPU.ActiveCfg = Debug|Any CPU
		{572F7380-ED63-4884-8706-18B1AFEFB782}.Debug|Any CPU.Build.0 = Debug|Any CPU
		{572F7380-ED63-4884-8706-18B1AFEFB782}.Release|Any CPU.ActiveCfg = Release|Any CPU
		{572F7380-ED63-4884-8706-18B1AFEFB782}.Release|Any CPU.Build.0 = Release|Any CPU
		{F776D72E-249D-40C6-95D2-B2CE8232E3C0}.Debug|Any CPU.ActiveCfg = Debug|Any CPU
		{F776D72E-249D-40C6-95D2-B2CE8232E3C0}.Debug|Any CPU.Build.0 = Debug|Any CPU
		{F776D72E-249D-40C6-95D2-B2CE8232E3C0}.Release|Any CPU.ActiveCfg = Release|Any CPU
		{F776D72E-249D-40C6-95D2-B2CE8232E3C0}.Release|Any CPU.Build.0 = Release|Any CPU
		{5655DE25-DBF4-44C3-85C5-8162428C351D}.Debug|Any CPU.ActiveCfg = Debug|Any CPU
		{5655DE25-DBF4-44C3-85C5-8162428C351D}.Debug|Any CPU.Build.0 = Debug|Any CPU
		{5655DE25-DBF4-44C3-85C5-8162428C351D}.Release|Any CPU.ActiveCfg = Release|Any CPU
		{5655DE25-DBF4-44C3-85C5-8162428C351D}.Release|Any CPU.Build.0 = Release|Any CPU
		{72222333-A1CA-4225-8C78-264C0C28C3E1}.Debug|Any CPU.ActiveCfg = Debug|Any CPU
		{72222333-A1CA-4225-8C78-264C0C28C3E1}.Debug|Any CPU.Build.0 = Debug|Any CPU
		{72222333-A1CA-4225-8C78-264C0C28C3E1}.Release|Any CPU.ActiveCfg = Release|Any CPU
		{72222333-A1CA-4225-8C78-264C0C28C3E1}.Release|Any CPU.Build.0 = Release|Any CPU
		{2DFE7F88-6DD1-41FA-AAA5-46ACC448A6E6}.Debug|Any CPU.ActiveCfg = Debug|Any CPU
		{2DFE7F88-6DD1-41FA-AAA5-46ACC448A6E6}.Debug|Any CPU.Build.0 = Debug|Any CPU
		{2DFE7F88-6DD1-41FA-AAA5-46ACC448A6E6}.Release|Any CPU.ActiveCfg = Release|Any CPU
		{2DFE7F88-6DD1-41FA-AAA5-46ACC448A6E6}.Release|Any CPU.Build.0 = Release|Any CPU
	EndGlobalSection
	GlobalSection(SolutionProperties) = preSolution
		HideSolutionNode = FALSE
	EndGlobalSection
	GlobalSection(ExtensibilityGlobals) = postSolution
		SolutionGuid = {916C53DC-EEC6-49B7-A5D4-62EFA65252E6}
	EndGlobalSection
EndGlobal
