
Microsoft Visual Studio Solution File, Format Version 12.00
# Visual Studio Version 17
VisualStudioVersion = 17.6.33723.286
MinimumVisualStudioVersion = 10.0.40219.1
Project("{FAE04EC0-301F-11D3-BF4B-00C04F79EFBC}") = "ExploreDataTime", "ExploreDataTime\ExploreDataTime.csproj", "{8E18E776-8ADD-4AF7-AF22-A420D1B335EC}"
EndProject
Global
	GlobalSection(SolutionConfigurationPlatforms) = preSolution
		Debug|Any CPU = Debug|Any CPU
		Release|Any CPU = Release|Any CPU
	EndGlobalSection
	GlobalSection(ProjectConfigurationPlatforms) = postSolution
		{8E18E776-8ADD-4AF7-AF22-A420D1B335EC}.Debug|Any CPU.ActiveCfg = Debug|Any CPU
		{8E18E776-8ADD-4AF7-AF22-A420D1B335EC}.Debug|Any CPU.Build.0 = Debug|Any CPU
		{8E18E776-8ADD-4AF7-AF22-A420D1B335EC}.Release|Any CPU.ActiveCfg = Release|Any CPU
		{8E18E776-8ADD-4AF7-AF22-A420D1B335EC}.Release|Any CPU.Build.0 = Release|Any CPU
	EndGlobalSection
	GlobalSection(SolutionProperties) = preSolution
		HideSolutionNode = FALSE
	EndGlobalSection
	GlobalSection(ExtensibilityGlobals) = postSolution
		SolutionGuid = {916C53DC-EEC6-49B7-A5D4-62EFA65252E6}
	EndGlobalSection
EndGlobal
