
Microsoft Visual Studio Solution File, Format Version 12.00
# Visual Studio Version 17
VisualStudioVersion = 17.8.34330.188
MinimumVisualStudioVersion = 10.0.40219.1
Project("{FAE04EC0-301F-11D3-BF4B-00C04F79EFBC}") = "KeyConcepts", "KeyConcepts\KeyConcepts\KeyConcepts.csproj", "{0F303757-B61D-4F27-86C1-11FE7D057E8E}"
EndProject
Project("{FAE04EC0-301F-11D3-BF4B-00C04F79EFBC}") = "KeyConcepts.Client", "KeyConcepts\KeyConcepts.Client\KeyConcepts.Client.csproj", "{91CD6BC1-2E51-43B3-BD2F-3163A726E534}"
EndProject
Project("{FAE04EC0-301F-11D3-BF4B-00C04F79EFBC}") = "DependecyLibrary", "DependecyLibrary\DependecyLibrary.csproj", "{7B861DD1-8AA8-42A1-AF1F-E2AC83BD778F}"
EndProject
Global
	GlobalSection(SolutionConfigurationPlatforms) = preSolution
		Debug|Any CPU = Debug|Any CPU
		Release|Any CPU = Release|Any CPU
	EndGlobalSection
	GlobalSection(ProjectConfigurationPlatforms) = postSolution
		{0F303757-B61D-4F27-86C1-11FE7D057E8E}.Debug|Any CPU.ActiveCfg = Debug|Any CPU
		{0F303757-B61D-4F27-86C1-11FE7D057E8E}.Debug|Any CPU.Build.0 = Debug|Any CPU
		{0F303757-B61D-4F27-86C1-11FE7D057E8E}.Release|Any CPU.ActiveCfg = Release|Any CPU
		{0F303757-B61D-4F27-86C1-11FE7D057E8E}.Release|Any CPU.Build.0 = Release|Any CPU
		{91CD6BC1-2E51-43B3-BD2F-3163A726E534}.Debug|Any CPU.ActiveCfg = Debug|Any CPU
		{91CD6BC1-2E51-43B3-BD2F-3163A726E534}.Debug|Any CPU.Build.0 = Debug|Any CPU
		{91CD6BC1-2E51-43B3-BD2F-3163A726E534}.Release|Any CPU.ActiveCfg = Release|Any CPU
		{91CD6BC1-2E51-43B3-BD2F-3163A726E534}.Release|Any CPU.Build.0 = Release|Any CPU
		{7B861DD1-8AA8-42A1-AF1F-E2AC83BD778F}.Debug|Any CPU.ActiveCfg = Debug|Any CPU
		{7B861DD1-8AA8-42A1-AF1F-E2AC83BD778F}.Debug|Any CPU.Build.0 = Debug|Any CPU
		{7B861DD1-8AA8-42A1-AF1F-E2AC83BD778F}.Release|Any CPU.ActiveCfg = Release|Any CPU
		{7B861DD1-8AA8-42A1-AF1F-E2AC83BD778F}.Release|Any CPU.Build.0 = Release|Any CPU
	EndGlobalSection
	GlobalSection(SolutionProperties) = preSolution
		HideSolutionNode = FALSE
	EndGlobalSection
	GlobalSection(ExtensibilityGlobals) = postSolution
		SolutionGuid = {51281C24-4894-4C88-91D8-EE3F64F49EE1}
	EndGlobalSection
EndGlobal
