
Microsoft Visual Studio Solution File, Format Version 12.00
# Visual Studio Version 17
VisualStudioVersion = 17.6.33815.320
MinimumVisualStudioVersion = 10.0.40219.1
Project("{9A19103F-16F7-4668-BE54-9A1E7A4F7556}") = "TuplesApp", "TuplesApp\TuplesApp.csproj", "{B2A38CF3-B758-4423-86B2-87D67278E360}"
EndProject
Project("{9A19103F-16F7-4668-BE54-9A1E7A4F7556}") = "TupleDeconstruction", "TupleDeconstruction\TupleDeconstruction.csproj", "{50776940-D392-4FAF-81B8-3D82DA2579D0}"
EndProject
Project("{9A19103F-16F7-4668-BE54-9A1E7A4F7556}") = "NestedTuples", "NestedTuples\NestedTuples.csproj", "{50E0BCBC-4AA8-4652-996C-9FC9310B5C25}"
EndProject
Project("{9A19103F-16F7-4668-BE54-9A1E7A4F7556}") = "DominoesApp", "DominoesApp\DominoesApp.csproj", "{0C949B1A-C27A-4E7D-971F-2B961E96C908}"
EndProject
Project("{9A19103F-16F7-4668-BE54-9A1E7A4F7556}") = "DominoesApp.Tests", "DominoesApp.Tests\DominoesApp.Tests.csproj", "{19537295-6E72-4943-99BA-82A2A2D8EE91}"
EndProject
Project("{FAE04EC0-301F-11D3-BF4B-00C04F79EFBC}") = "DominoesAppCommunity", "DominoesAppCommunity\DominoesAppCommunity.csproj", "{E7F76F01-3274-40CC-BC46-240E846258A8}"
EndProject
Project("{FAE04EC0-301F-11D3-BF4B-00C04F79EFBC}") = "PythagoreanTripletApp", "PythagoreanTripletApp\PythagoreanTripletApp.csproj", "{C342592B-3831-42DD-91F2-F67F25BB940C}"
EndProject
Global
	GlobalSection(SolutionConfigurationPlatforms) = preSolution
		Debug|Any CPU = Debug|Any CPU
		Release|Any CPU = Release|Any CPU
	EndGlobalSection
	GlobalSection(ProjectConfigurationPlatforms) = postSolution
		{B2A38CF3-B758-4423-86B2-87D67278E360}.Debug|Any CPU.ActiveCfg = Debug|Any CPU
		{B2A38CF3-B758-4423-86B2-87D67278E360}.Debug|Any CPU.Build.0 = Debug|Any CPU
		{B2A38CF3-B758-4423-86B2-87D67278E360}.Release|Any CPU.ActiveCfg = Release|Any CPU
		{B2A38CF3-B758-4423-86B2-87D67278E360}.Release|Any CPU.Build.0 = Release|Any CPU
		{50776940-D392-4FAF-81B8-3D82DA2579D0}.Debug|Any CPU.ActiveCfg = Debug|Any CPU
		{50776940-D392-4FAF-81B8-3D82DA2579D0}.Debug|Any CPU.Build.0 = Debug|Any CPU
		{50776940-D392-4FAF-81B8-3D82DA2579D0}.Release|Any CPU.ActiveCfg = Release|Any CPU
		{50776940-D392-4FAF-81B8-3D82DA2579D0}.Release|Any CPU.Build.0 = Release|Any CPU
		{50E0BCBC-4AA8-4652-996C-9FC9310B5C25}.Debug|Any CPU.ActiveCfg = Debug|Any CPU
		{50E0BCBC-4AA8-4652-996C-9FC9310B5C25}.Debug|Any CPU.Build.0 = Debug|Any CPU
		{50E0BCBC-4AA8-4652-996C-9FC9310B5C25}.Release|Any CPU.ActiveCfg = Release|Any CPU
		{50E0BCBC-4AA8-4652-996C-9FC9310B5C25}.Release|Any CPU.Build.0 = Release|Any CPU
		{0C949B1A-C27A-4E7D-971F-2B961E96C908}.Debug|Any CPU.ActiveCfg = Debug|Any CPU
		{0C949B1A-C27A-4E7D-971F-2B961E96C908}.Debug|Any CPU.Build.0 = Debug|Any CPU
		{0C949B1A-C27A-4E7D-971F-2B961E96C908}.Release|Any CPU.ActiveCfg = Release|Any CPU
		{0C949B1A-C27A-4E7D-971F-2B961E96C908}.Release|Any CPU.Build.0 = Release|Any CPU
		{19537295-6E72-4943-99BA-82A2A2D8EE91}.Debug|Any CPU.ActiveCfg = Debug|Any CPU
		{19537295-6E72-4943-99BA-82A2A2D8EE91}.Debug|Any CPU.Build.0 = Debug|Any CPU
		{19537295-6E72-4943-99BA-82A2A2D8EE91}.Release|Any CPU.ActiveCfg = Release|Any CPU
		{19537295-6E72-4943-99BA-82A2A2D8EE91}.Release|Any CPU.Build.0 = Release|Any CPU
		{E7F76F01-3274-40CC-BC46-240E846258A8}.Debug|Any CPU.ActiveCfg = Debug|Any CPU
		{E7F76F01-3274-40CC-BC46-240E846258A8}.Debug|Any CPU.Build.0 = Debug|Any CPU
		{E7F76F01-3274-40CC-BC46-240E846258A8}.Release|Any CPU.ActiveCfg = Release|Any CPU
		{E7F76F01-3274-40CC-BC46-240E846258A8}.Release|Any CPU.Build.0 = Release|Any CPU
		{C342592B-3831-42DD-91F2-F67F25BB940C}.Debug|Any CPU.ActiveCfg = Debug|Any CPU
		{C342592B-3831-42DD-91F2-F67F25BB940C}.Debug|Any CPU.Build.0 = Debug|Any CPU
		{C342592B-3831-42DD-91F2-F67F25BB940C}.Release|Any CPU.ActiveCfg = Release|Any CPU
		{C342592B-3831-42DD-91F2-F67F25BB940C}.Release|Any CPU.Build.0 = Release|Any CPU
	EndGlobalSection
	GlobalSection(SolutionProperties) = preSolution
		HideSolutionNode = FALSE
	EndGlobalSection
	GlobalSection(ExtensibilityGlobals) = postSolution
		SolutionGuid = {E0B5E196-F203-45B6-9A83-DAD184A55291}
	EndGlobalSection
EndGlobal
