
Microsoft Visual Studio Solution File, Format Version 12.00
# Visual Studio Version 17
VisualStudioVersion = 17.7.34024.191
MinimumVisualStudioVersion = 10.0.40219.1
Project("{FAE04EC0-301F-11D3-BF4B-00C04F79EFBC}") = "BlazorDemo", "BlazorDemo\BlazorDemo.csproj", "{9B05E3FE-48E1-447A-9E99-76E022E0CC47}"
EndProject
Global
	GlobalSection(SolutionConfigurationPlatforms) = preSolution
		Debug|Any CPU = Debug|Any CPU
		Release|Any CPU = Release|Any CPU
	EndGlobalSection
	GlobalSection(ProjectConfigurationPlatforms) = postSolution
		{9B05E3FE-48E1-447A-9E99-76E022E0CC47}.Debug|Any CPU.ActiveCfg = Debug|Any CPU
		{9B05E3FE-48E1-447A-9E99-76E022E0CC47}.Debug|Any CPU.Build.0 = Debug|Any CPU
		{9B05E3FE-48E1-447A-9E99-76E022E0CC47}.Release|Any CPU.ActiveCfg = Release|Any CPU
		{9B05E3FE-48E1-447A-9E99-76E022E0CC47}.Release|Any CPU.Build.0 = Release|Any CPU
	EndGlobalSection
	GlobalSection(SolutionProperties) = preSolution
		HideSolutionNode = FALSE
	EndGlobalSection
	GlobalSection(ExtensibilityGlobals) = postSolution
		SolutionGuid = {5BB062CB-A8E5-40EC-A0A6-E3A9605597D6}
	EndGlobalSection
EndGlobal
