
Microsoft Visual Studio Solution File, Format Version 12.00
# Visual Studio Version 17
VisualStudioVersion = 17.6.33723.286
MinimumVisualStudioVersion = 10.0.40219.1
Project("{FAE04EC0-301F-11D3-BF4B-00C04F79EFBC}") = "HowOldIn25years", "HowOldIn25years\HowOldIn25years.csproj", "{9CC2F390-E1A3-49B0-A007-98B888EB625E}"
EndProject
Global
	GlobalSection(SolutionConfigurationPlatforms) = preSolution
		Debug|Any CPU = Debug|Any CPU
		Release|Any CPU = Release|Any CPU
	EndGlobalSection
	GlobalSection(ProjectConfigurationPlatforms) = postSolution
		{9CC2F390-E1A3-49B0-A007-98B888EB625E}.Debug|Any CPU.ActiveCfg = Debug|Any CPU
		{9CC2F390-E1A3-49B0-A007-98B888EB625E}.Debug|Any CPU.Build.0 = Debug|Any CPU
		{9CC2F390-E1A3-49B0-A007-98B888EB625E}.Release|Any CPU.ActiveCfg = Release|Any CPU
		{9CC2F390-E1A3-49B0-A007-98B888EB625E}.Release|Any CPU.Build.0 = Release|Any CPU
	EndGlobalSection
	GlobalSection(SolutionProperties) = preSolution
		HideSolutionNode = FALSE
	EndGlobalSection
	GlobalSection(ExtensibilityGlobals) = postSolution
		SolutionGuid = {EF1A4CD1-6C97-41FD-9E50-AC9591998CCB}
	EndGlobalSection
EndGlobal
