
Microsoft Visual Studio Solution File, Format Version 12.00
# Visual Studio Version 17
VisualStudioVersion = 17.9.34622.214
MinimumVisualStudioVersion = 10.0.40219.1
Project("{FAE04EC0-301F-11D3-BF4B-00C04F79EFBC}") = "ConsoleUI", "ConsoleUI\ConsoleUI.csproj", "{8AA825CD-1990-4A46-9A21-79DDE360BCBE}"
EndProject
Global
	GlobalSection(SolutionConfigurationPlatforms) = preSolution
		Debug|Any CPU = Debug|Any CPU
		Release|Any CPU = Release|Any CPU
	EndGlobalSection
	GlobalSection(ProjectConfigurationPlatforms) = postSolution
		{8AA825CD-1990-4A46-9A21-79DDE360BCBE}.Debug|Any CPU.ActiveCfg = Debug|Any CPU
		{8AA825CD-1990-4A46-9A21-79DDE360BCBE}.Debug|Any CPU.Build.0 = Debug|Any CPU
		{8AA825CD-1990-4A46-9A21-79DDE360BCBE}.Release|Any CPU.ActiveCfg = Release|Any CPU
		{8AA825CD-1990-4A46-9A21-79DDE360BCBE}.Release|Any CPU.Build.0 = Release|Any CPU
	EndGlobalSection
	GlobalSection(SolutionProperties) = preSolution
		HideSolutionNode = FALSE
	EndGlobalSection
	GlobalSection(ExtensibilityGlobals) = postSolution
		SolutionGuid = {D432F871-9643-43A2-BB92-31FDC3F0A1AB}
	EndGlobalSection
EndGlobal
