
Microsoft Visual Studio Solution File, Format Version 12.00
# Visual Studio Version 17
VisualStudioVersion = 17.6.33723.286
MinimumVisualStudioVersion = 10.0.40219.1
Project("{9A19103F-16F7-4668-BE54-9A1E7A4F7556}") = "SwitchApp", "SwitchApp\SwitchApp.csproj", "{15C79FCA-0320-4EF5-8D45-5160701CA012}"
EndProject
Project("{9A19103F-16F7-4668-BE54-9A1E7A4F7556}") = "BankAccount", "BankAccount\BankAccount.csproj", "{DF10E763-5EA3-4220-9E33-BC374B00DA20}"
EndProject
Project("{FAE04EC0-301F-11D3-BF4B-00C04F79EFBC}") = "PlayAnalyzerApp", "PlayAnalyzerApp\PlayAnalyzerApp.csproj", "{6E91FBBA-D9FA-45EF-ABD6-A76D6FBA0822}"
EndProject
Global
	GlobalSection(SolutionConfigurationPlatforms) = preSolution
		Debug|Any CPU = Debug|Any CPU
		Release|Any CPU = Release|Any CPU
	EndGlobalSection
	GlobalSection(ProjectConfigurationPlatforms) = postSolution
		{15C79FCA-0320-4EF5-8D45-5160701CA012}.Debug|Any CPU.ActiveCfg = Debug|Any CPU
		{15C79FCA-0320-4EF5-8D45-5160701CA012}.Debug|Any CPU.Build.0 = Debug|Any CPU
		{15C79FCA-0320-4EF5-8D45-5160701CA012}.Release|Any CPU.ActiveCfg = Release|Any CPU
		{15C79FCA-0320-4EF5-8D45-5160701CA012}.Release|Any CPU.Build.0 = Release|Any CPU
		{DF10E763-5EA3-4220-9E33-BC374B00DA20}.Debug|Any CPU.ActiveCfg = Debug|Any CPU
		{DF10E763-5EA3-4220-9E33-BC374B00DA20}.Debug|Any CPU.Build.0 = Debug|Any CPU
		{DF10E763-5EA3-4220-9E33-BC374B00DA20}.Release|Any CPU.ActiveCfg = Release|Any CPU
		{DF10E763-5EA3-4220-9E33-BC374B00DA20}.Release|Any CPU.Build.0 = Release|Any CPU
		{6E91FBBA-D9FA-45EF-ABD6-A76D6FBA0822}.Debug|Any CPU.ActiveCfg = Debug|Any CPU
		{6E91FBBA-D9FA-45EF-ABD6-A76D6FBA0822}.Debug|Any CPU.Build.0 = Debug|Any CPU
		{6E91FBBA-D9FA-45EF-ABD6-A76D6FBA0822}.Release|Any CPU.ActiveCfg = Release|Any CPU
		{6E91FBBA-D9FA-45EF-ABD6-A76D6FBA0822}.Release|Any CPU.Build.0 = Release|Any CPU
	EndGlobalSection
	GlobalSection(SolutionProperties) = preSolution
		HideSolutionNode = FALSE
	EndGlobalSection
	GlobalSection(ExtensibilityGlobals) = postSolution
		SolutionGuid = {AA93065C-F440-4BE0-A717-02F82B3AF3D1}
	EndGlobalSection
EndGlobal
