
Microsoft Visual Studio Solution File, Format Version 12.00
# Visual Studio Version 17
VisualStudioVersion = 17.9.34622.214
MinimumVisualStudioVersion = 10.0.40219.1
Project("{FAE04EC0-301F-11D3-BF4B-00C04F79EFBC}") = "ApiDemoApp", "ApiDemoApp\ApiDemoApp.csproj", "{1AA43B76-08A9-4356-88AB-4D2E8A44AEDB}"
EndProject
Global
	GlobalSection(SolutionConfigurationPlatforms) = preSolution
		Debug|Any CPU = Debug|Any CPU
		Release|Any CPU = Release|Any CPU
	EndGlobalSection
	GlobalSection(ProjectConfigurationPlatforms) = postSolution
		{1AA43B76-08A9-4356-88AB-4D2E8A44AEDB}.Debug|Any CPU.ActiveCfg = Debug|Any CPU
		{1AA43B76-08A9-4356-88AB-4D2E8A44AEDB}.Debug|Any CPU.Build.0 = Debug|Any CPU
		{1AA43B76-08A9-4356-88AB-4D2E8A44AEDB}.Release|Any CPU.ActiveCfg = Release|Any CPU
		{1AA43B76-08A9-4356-88AB-4D2E8A44AEDB}.Release|Any CPU.Build.0 = Release|Any CPU
	EndGlobalSection
	GlobalSection(SolutionProperties) = preSolution
		HideSolutionNode = FALSE
	EndGlobalSection
	GlobalSection(ExtensibilityGlobals) = postSolution
		SolutionGuid = {73C42076-E074-4126-8AB8-06135EFBC7EF}
	EndGlobalSection
EndGlobal
